
Microsoft Visual Studio Solution File, Format Version 12.00
# Visual Studio Version 17
VisualStudioVersion = 17.7.34031.279
MinimumVisualStudioVersion = 10.0.40219.1
Project("{2150E333-8FDC-42A3-9474-1A3956D46DE8}") = "src", "src", "{DA99B821-3B01-4708-8850-98CF87FBF915}"
EndProject
Project("{2150E333-8FDC-42A3-9474-1A3956D46DE8}") = "Api", "Api", "{F062DCD2-B71C-43B8-A2BA-66416D5A2D2A}"
EndProject
Project("{2150E333-8FDC-42A3-9474-1A3956D46DE8}") = "Clients", "Clients", "{7B177017-D771-4305-90F4-E33AACBA61D1}"
EndProject
Project("{2150E333-8FDC-42A3-9474-1A3956D46DE8}") = "Common", "Common", "{DFA77678-4AED-460F-A0DE-E72B3C7BBE6F}"
EndProject
Project("{2150E333-8FDC-42A3-9474-1A3956D46DE8}") = "Projections", "Projections", "{427A87AC-2AD6-405E-932B-47C96DB7BAB3}"
EndProject
Project("{2150E333-8FDC-42A3-9474-1A3956D46DE8}") = "Core", "Core", "{895E36FC-F894-45D1-9C02-53BF151EE965}"
EndProject
Project("{2150E333-8FDC-42A3-9474-1A3956D46DE8}") = "Infrastructure", "Infrastructure", "{A5FB1F1D-FA9D-4BD3-8AEA-F7F8B41257D0}"
EndProject
Project("{2150E333-8FDC-42A3-9474-1A3956D46DE8}") = "WebApi", "WebApi", "{B3F6D5A4-4603-460C-98E7-EC3D0934897F}"
EndProject
Project("{2150E333-8FDC-42A3-9474-1A3956D46DE8}") = "BlazorWeb", "BlazorWeb", "{80237EC8-AE4D-4BB0-956F-0DD026C24F7A}"
EndProject
Project("{FAE04EC0-301F-11D3-BF4B-00C04F79EFBC}") = "BlazorSozluk.Common", "src\Common\BlazorSozluk.Common\BlazorSozluk.Common.csproj", "{213F9A42-71F2-450B-847C-2551C741F0BC}"
EndProject
Project("{FAE04EC0-301F-11D3-BF4B-00C04F79EFBC}") = "BlazorSozluk.Api.Domain", "src\Api\Core\BlazorSozluk.Api.Domain\BlazorSozluk.Api.Domain.csproj", "{6E2B1FE5-EDA5-4FB3-AA4A-4BDA1853B9B1}"
EndProject
Project("{FAE04EC0-301F-11D3-BF4B-00C04F79EFBC}") = "BlazorSozluk.Api.Application", "src\Api\Core\BlazorSozluk.Api.Application\BlazorSozluk.Api.Application.csproj", "{26ADE41F-11D8-4730-A2A1-73C7A145C50A}"
EndProject
Project("{FAE04EC0-301F-11D3-BF4B-00C04F79EFBC}") = "BlazorSozluk.Infrastructure.Persistence", "src\Api\Infrastructure\BlazorSozluk.Infrastructure.Persistence\BlazorSozluk.Infrastructure.Persistence.csproj", "{72D4EAAE-B7D5-4890-9FC6-B6F7D1AA0B48}"
EndProject
Project("{FAE04EC0-301F-11D3-BF4B-00C04F79EFBC}") = "BlazorSozluk.Api.WebApi", "src\Api\WebApi\BlazorSozluk.Api.WebApi\BlazorSozluk.Api.WebApi.csproj", "{40404B0F-7A4F-4220-843C-CA478D490C33}"
EndProject
Project("{FAE04EC0-301F-11D3-BF4B-00C04F79EFBC}") = "BlazorSozluk.Projections.FavoriteService", "src\Projections\BlazorSozluk.Projections.FavoriteService\BlazorSozluk.Projections.FavoriteService.csproj", "{6330D73B-5441-4B7B-94D1-83AE8B4D574D}"
EndProject
Project("{FAE04EC0-301F-11D3-BF4B-00C04F79EFBC}") = "BlazorSozluk.Projections.VoteService", "src\Projections\BlazorSozluk.Projections.VoteService\BlazorSozluk.Projections.VoteService.csproj", "{B276B038-5852-4F20-B873-42373C681370}"
EndProject
Project("{FAE04EC0-301F-11D3-BF4B-00C04F79EFBC}") = "BlazorSozluk.WebApp", "src\Clients\BlazorWeb\BlazorSozluk.WebApp\BlazorSozluk.WebApp.csproj", "{5DE2786F-5C52-4B06-AD8C-21388DE2D51B}"
EndProject
Project("{FAE04EC0-301F-11D3-BF4B-00C04F79EFBC}") = "BlazorSozluk.Projections.UserService", "src\Projections\BlazorSozluk.Projections.UserService\BlazorSozluk.Projections.UserService.csproj", "{67338F0F-F643-465D-B301-3E9DAFFE7063}"
EndProject
Global
	GlobalSection(SolutionConfigurationPlatforms) = preSolution
		Debug|Any CPU = Debug|Any CPU
		Release|Any CPU = Release|Any CPU
	EndGlobalSection
	GlobalSection(ProjectConfigurationPlatforms) = postSolution
		{213F9A42-71F2-450B-847C-2551C741F0BC}.Debug|Any CPU.ActiveCfg = Debug|Any CPU
		{213F9A42-71F2-450B-847C-2551C741F0BC}.Debug|Any CPU.Build.0 = Debug|Any CPU
		{213F9A42-71F2-450B-847C-2551C741F0BC}.Release|Any CPU.ActiveCfg = Release|Any CPU
		{213F9A42-71F2-450B-847C-2551C741F0BC}.Release|Any CPU.Build.0 = Release|Any CPU
		{6E2B1FE5-EDA5-4FB3-AA4A-4BDA1853B9B1}.Debug|Any CPU.ActiveCfg = Debug|Any CPU
		{6E2B1FE5-EDA5-4FB3-AA4A-4BDA1853B9B1}.Debug|Any CPU.Build.0 = Debug|Any CPU
		{6E2B1FE5-EDA5-4FB3-AA4A-4BDA1853B9B1}.Release|Any CPU.ActiveCfg = Release|Any CPU
		{6E2B1FE5-EDA5-4FB3-AA4A-4BDA1853B9B1}.Release|Any CPU.Build.0 = Release|Any CPU
		{26ADE41F-11D8-4730-A2A1-73C7A145C50A}.Debug|Any CPU.ActiveCfg = Debug|Any CPU
		{26ADE41F-11D8-4730-A2A1-73C7A145C50A}.Debug|Any CPU.Build.0 = Debug|Any CPU
		{26ADE41F-11D8-4730-A2A1-73C7A145C50A}.Release|Any CPU.ActiveCfg = Release|Any CPU
		{26ADE41F-11D8-4730-A2A1-73C7A145C50A}.Release|Any CPU.Build.0 = Release|Any CPU
		{72D4EAAE-B7D5-4890-9FC6-B6F7D1AA0B48}.Debug|Any CPU.ActiveCfg = Debug|Any CPU
		{72D4EAAE-B7D5-4890-9FC6-B6F7D1AA0B48}.Debug|Any CPU.Build.0 = Debug|Any CPU
		{72D4EAAE-B7D5-4890-9FC6-B6F7D1AA0B48}.Release|Any CPU.ActiveCfg = Release|Any CPU
		{72D4EAAE-B7D5-4890-9FC6-B6F7D1AA0B48}.Release|Any CPU.Build.0 = Release|Any CPU
		{40404B0F-7A4F-4220-843C-CA478D490C33}.Debug|Any CPU.ActiveCfg = Debug|Any CPU
		{40404B0F-7A4F-4220-843C-CA478D490C33}.Debug|Any CPU.Build.0 = Debug|Any CPU
		{40404B0F-7A4F-4220-843C-CA478D490C33}.Release|Any CPU.ActiveCfg = Release|Any CPU
		{40404B0F-7A4F-4220-843C-CA478D490C33}.Release|Any CPU.Build.0 = Release|Any CPU
		{6330D73B-5441-4B7B-94D1-83AE8B4D574D}.Debug|Any CPU.ActiveCfg = Debug|Any CPU
		{6330D73B-5441-4B7B-94D1-83AE8B4D574D}.Debug|Any CPU.Build.0 = Debug|Any CPU
		{6330D73B-5441-4B7B-94D1-83AE8B4D574D}.Release|Any CPU.ActiveCfg = Release|Any CPU
		{6330D73B-5441-4B7B-94D1-83AE8B4D574D}.Release|Any CPU.Build.0 = Release|Any CPU
		{B276B038-5852-4F20-B873-42373C681370}.Debug|Any CPU.ActiveCfg = Debug|Any CPU
		{B276B038-5852-4F20-B873-42373C681370}.Debug|Any CPU.Build.0 = Debug|Any CPU
		{B276B038-5852-4F20-B873-42373C681370}.Release|Any CPU.ActiveCfg = Release|Any CPU
		{B276B038-5852-4F20-B873-42373C681370}.Release|Any CPU.Build.0 = Release|Any CPU
		{5DE2786F-5C52-4B06-AD8C-21388DE2D51B}.Debug|Any CPU.ActiveCfg = Debug|Any CPU
		{5DE2786F-5C52-4B06-AD8C-21388DE2D51B}.Debug|Any CPU.Build.0 = Debug|Any CPU
		{5DE2786F-5C52-4B06-AD8C-21388DE2D51B}.Release|Any CPU.ActiveCfg = Release|Any CPU
		{5DE2786F-5C52-4B06-AD8C-21388DE2D51B}.Release|Any CPU.Build.0 = Release|Any CPU
		{67338F0F-F643-465D-B301-3E9DAFFE7063}.Debug|Any CPU.ActiveCfg = Debug|Any CPU
		{67338F0F-F643-465D-B301-3E9DAFFE7063}.Debug|Any CPU.Build.0 = Debug|Any CPU
		{67338F0F-F643-465D-B301-3E9DAFFE7063}.Release|Any CPU.ActiveCfg = Release|Any CPU
		{67338F0F-F643-465D-B301-3E9DAFFE7063}.Release|Any CPU.Build.0 = Release|Any CPU
	EndGlobalSection
	GlobalSection(SolutionProperties) = preSolution
		HideSolutionNode = FALSE
	EndGlobalSection
	GlobalSection(NestedProjects) = preSolution
		{F062DCD2-B71C-43B8-A2BA-66416D5A2D2A} = {DA99B821-3B01-4708-8850-98CF87FBF915}
		{7B177017-D771-4305-90F4-E33AACBA61D1} = {DA99B821-3B01-4708-8850-98CF87FBF915}
		{DFA77678-4AED-460F-A0DE-E72B3C7BBE6F} = {DA99B821-3B01-4708-8850-98CF87FBF915}
		{427A87AC-2AD6-405E-932B-47C96DB7BAB3} = {DA99B821-3B01-4708-8850-98CF87FBF915}
		{895E36FC-F894-45D1-9C02-53BF151EE965} = {F062DCD2-B71C-43B8-A2BA-66416D5A2D2A}
		{A5FB1F1D-FA9D-4BD3-8AEA-F7F8B41257D0} = {F062DCD2-B71C-43B8-A2BA-66416D5A2D2A}
		{B3F6D5A4-4603-460C-98E7-EC3D0934897F} = {F062DCD2-B71C-43B8-A2BA-66416D5A2D2A}
		{80237EC8-AE4D-4BB0-956F-0DD026C24F7A} = {7B177017-D771-4305-90F4-E33AACBA61D1}
		{213F9A42-71F2-450B-847C-2551C741F0BC} = {DFA77678-4AED-460F-A0DE-E72B3C7BBE6F}
		{6E2B1FE5-EDA5-4FB3-AA4A-4BDA1853B9B1} = {895E36FC-F894-45D1-9C02-53BF151EE965}
		{26ADE41F-11D8-4730-A2A1-73C7A145C50A} = {895E36FC-F894-45D1-9C02-53BF151EE965}
		{72D4EAAE-B7D5-4890-9FC6-B6F7D1AA0B48} = {A5FB1F1D-FA9D-4BD3-8AEA-F7F8B41257D0}
		{40404B0F-7A4F-4220-843C-CA478D490C33} = {B3F6D5A4-4603-460C-98E7-EC3D0934897F}
		{6330D73B-5441-4B7B-94D1-83AE8B4D574D} = {427A87AC-2AD6-405E-932B-47C96DB7BAB3}
		{B276B038-5852-4F20-B873-42373C681370} = {427A87AC-2AD6-405E-932B-47C96DB7BAB3}
		{5DE2786F-5C52-4B06-AD8C-21388DE2D51B} = {80237EC8-AE4D-4BB0-956F-0DD026C24F7A}
		{67338F0F-F643-465D-B301-3E9DAFFE7063} = {427A87AC-2AD6-405E-932B-47C96DB7BAB3}
	EndGlobalSection
	GlobalSection(ExtensibilityGlobals) = postSolution
		SolutionGuid = {B9315525-D2B6-41DF-BE97-CD01755C65CB}
	EndGlobalSection
EndGlobal
